{
  "version": 4,
  "terraform_version": "0.13.5",
  "serial": 15,
  "lineage": "97ab74b3-25f6-dc18-ff90-d55a2eb7efa7",
  "outputs": {},
  "resources": [
    {
      "mode": "managed",
      "type": "azurerm_availability_set",
      "name": "main",
      "provider": "provider[\"registry.terraform.io/hashicorp/azurerm\"]",
      "instances": [
        {
          "index_key": 0,
          "schema_version": 0,
          "attributes": {
            "id": "/subscriptions/939bb7d7-6909-4049-929c-1df590b9f273/resourceGroups/Udacity-resources/providers/Microsoft.Compute/availabilitySets/VMAvSet-0",
            "location": "westeurope",
            "managed": true,
            "name": "VMAvSet-0",
            "platform_fault_domain_count": 2,
            "platform_update_domain_count": 2,
            "proximity_placement_group_id": null,
            "resource_group_name": "Udacity-resources",
            "tags": {
              "tagname": "Udacity-VM-avail"
            },
            "timeouts": null
          },
          "private": "eyJlMmJmYjczMC1lY2FhLTExZTYtOGY4OC0zNDM2M2JjN2M0YzAiOnsiY3JlYXRlIjoxODAwMDAwMDAwMDAwLCJkZWxldGUiOjE4MDAwMDAwMDAwMDAsInJlYWQiOjMwMDAwMDAwMDAwMCwidXBkYXRlIjoxODAwMDAwMDAwMDAwfX0=",
          "dependencies": [
            "azurerm_resource_group.main"
          ]
        },
        {
          "index_key": 1,
          "schema_version": 0,
          "attributes": {
            "id": "/subscriptions/939bb7d7-6909-4049-929c-1df590b9f273/resourceGroups/Udacity-resources/providers/Microsoft.Compute/availabilitySets/VMAvSet-1",
            "location": "westeurope",
            "managed": true,
            "name": "VMAvSet-1",
            "platform_fault_domain_count": 2,
            "platform_update_domain_count": 2,
            "proximity_placement_group_id": null,
            "resource_group_name": "Udacity-resources",
            "tags": {
              "tagname": "Udacity-VM-avail"
            },
            "timeouts": null
          },
          "private": "eyJlMmJmYjczMC1lY2FhLTExZTYtOGY4OC0zNDM2M2JjN2M0YzAiOnsiY3JlYXRlIjoxODAwMDAwMDAwMDAwLCJkZWxldGUiOjE4MDAwMDAwMDAwMDAsInJlYWQiOjMwMDAwMDAwMDAwMCwidXBkYXRlIjoxODAwMDAwMDAwMDAwfX0=",
          "dependencies": [
            "azurerm_resource_group.main"
          ]
        }
      ]
    },
    {
      "mode": "managed",
      "type": "azurerm_lb",
      "name": "main",
      "provider": "provider[\"registry.terraform.io/hashicorp/azurerm\"]",
      "instances": [
        {
          "schema_version": 0,
          "attributes": {
            "frontend_ip_configuration": [
              {
                "id": "/subscriptions/939bb7d7-6909-4049-929c-1df590b9f273/resourceGroups/Udacity-resources/providers/Microsoft.Network/loadBalancers/Udacity-balancer/frontendIPConfigurations/PublicIp_front",
                "inbound_nat_rules": [],
                "load_balancer_rules": [],
                "name": "PublicIp_front",
                "outbound_rules": [],
                "private_ip_address": "",
                "private_ip_address_allocation": "Dynamic",
                "private_ip_address_version": "IPv4",
                "public_ip_address_id": "/subscriptions/939bb7d7-6909-4049-929c-1df590b9f273/resourceGroups/Udacity-resources/providers/Microsoft.Network/publicIPAddresses/Udacity-publicip",
                "public_ip_prefix_id": "",
                "subnet_id": "",
                "zones": null
              }
            ],
            "id": "/subscriptions/939bb7d7-6909-4049-929c-1df590b9f273/resourceGroups/Udacity-resources/providers/Microsoft.Network/loadBalancers/Udacity-balancer",
            "location": "westeurope",
            "name": "Udacity-balancer",
            "private_ip_address": "",
            "private_ip_addresses": [],
            "resource_group_name": "Udacity-resources",
            "sku": "Basic",
            "tags": {
              "tagname": "Udacity-LB"
            },
            "timeouts": null
          },
          "private": "eyJlMmJmYjczMC1lY2FhLTExZTYtOGY4OC0zNDM2M2JjN2M0YzAiOnsiY3JlYXRlIjoxODAwMDAwMDAwMDAwLCJkZWxldGUiOjE4MDAwMDAwMDAwMDAsInJlYWQiOjMwMDAwMDAwMDAwMCwidXBkYXRlIjoxODAwMDAwMDAwMDAwfX0=",
          "dependencies": [
            "azurerm_public_ip.main",
            "azurerm_resource_group.main"
          ]
        }
      ]
    },
    {
      "mode": "managed",
      "type": "azurerm_lb_backend_address_pool",
      "name": "main",
      "provider": "provider[\"registry.terraform.io/hashicorp/azurerm\"]",
      "instances": [
        {
          "schema_version": 0,
          "attributes": {
            "backend_ip_configurations": [],
            "id": "/subscriptions/939bb7d7-6909-4049-929c-1df590b9f273/resourceGroups/Udacity-resources/providers/Microsoft.Network/loadBalancers/Udacity-balancer/backendAddressPools/Udacity-backendAdPool",
            "load_balancing_rules": [],
            "loadbalancer_id": "/subscriptions/939bb7d7-6909-4049-929c-1df590b9f273/resourceGroups/Udacity-resources/providers/Microsoft.Network/loadBalancers/Udacity-balancer",
            "name": "Udacity-backendAdPool",
            "resource_group_name": "Udacity-resources",
            "timeouts": null
          },
          "private": "eyJlMmJmYjczMC1lY2FhLTExZTYtOGY4OC0zNDM2M2JjN2M0YzAiOnsiY3JlYXRlIjoxODAwMDAwMDAwMDAwLCJkZWxldGUiOjE4MDAwMDAwMDAwMDAsInJlYWQiOjMwMDAwMDAwMDAwMCwidXBkYXRlIjoxODAwMDAwMDAwMDAwfX0=",
          "dependencies": [
            "azurerm_lb.main",
            "azurerm_public_ip.main",
            "azurerm_resource_group.main"
          ]
        }
      ]
    },
    {
      "mode": "managed",
      "type": "azurerm_linux_virtual_machine",
      "name": "main",
      "provider": "provider[\"registry.terraform.io/hashicorp/azurerm\"]",
      "instances": [
        {
          "index_key": 0,
          "schema_version": 0,
          "attributes": {
            "additional_capabilities": [],
            "admin_password": "9iU%RFZREszcOuo$U;;4{m^EVB=,o~t0SP",
            "admin_ssh_key": [],
            "admin_username": "ashraf_i@web.de",
            "allow_extension_operations": true,
            "availability_set_id": "",
            "boot_diagnostics": [],
            "computer_name": "vm-0",
            "custom_data": null,
            "dedicated_host_id": "",
            "disable_password_authentication": false,
            "encryption_at_host_enabled": false,
            "eviction_policy": "",
            "extensions_time_budget": "PT1H30M",
            "id": "/subscriptions/939bb7d7-6909-4049-929c-1df590b9f273/resourceGroups/Udacity-resources/providers/Microsoft.Compute/virtualMachines/vm-0",
            "identity": [],
            "location": "westeurope",
            "max_bid_price": -1,
            "name": "vm-0",
            "network_interface_ids": [
              "/subscriptions/939bb7d7-6909-4049-929c-1df590b9f273/resourceGroups/Udacity-resources/providers/Microsoft.Network/networkInterfaces/NIC-0"
            ],
            "os_disk": [
              {
                "caching": "ReadWrite",
                "diff_disk_settings": [],
                "disk_encryption_set_id": "",
                "disk_size_gb": 30,
                "name": "Disk-0",
                "storage_account_type": "Standard_LRS",
                "write_accelerator_enabled": false
              }
            ],
            "plan": [],
            "priority": "Regular",
            "private_ip_address": "10.0.2.4",
            "private_ip_addresses": [
              "10.0.2.4"
            ],
            "provision_vm_agent": true,
            "proximity_placement_group_id": "",
            "public_ip_address": "",
            "public_ip_addresses": [],
            "resource_group_name": "Udacity-resources",
            "secret": [],
            "size": "Standard_D2_v3",
            "source_image_id": "/subscriptions/939bb7d7-6909-4049-929c-1df590b9f273/resourceGroups/packer-rg/providers/Microsoft.Compute/images/myPackerImage",
            "source_image_reference": [],
            "tags": {
              "tagname": "Udacity-VM"
            },
            "timeouts": null,
            "virtual_machine_id": "f5a24eee-9f2a-4520-88a0-3e26f87a769e",
            "virtual_machine_scale_set_id": "",
            "zone": ""
          },
          "private": "eyJlMmJmYjczMC1lY2FhLTExZTYtOGY4OC0zNDM2M2JjN2M0YzAiOnsiY3JlYXRlIjoyNzAwMDAwMDAwMDAwLCJkZWxldGUiOjI3MDAwMDAwMDAwMDAsInJlYWQiOjMwMDAwMDAwMDAwMCwidXBkYXRlIjoyNzAwMDAwMDAwMDAwfX0=",
          "dependencies": [
            "azurerm_network_interface.main",
            "azurerm_resource_group.main",
            "azurerm_subnet.internal",
            "azurerm_virtual_network.main"
          ]
        },
        {
          "index_key": 1,
          "schema_version": 0,
          "attributes": {
            "additional_capabilities": [],
            "admin_password": "9iU%RFZREszcOuo$U;;4{m^EVB=,o~t0SP",
            "admin_ssh_key": [],
            "admin_username": "ashraf_i@web.de",
            "allow_extension_operations": true,
            "availability_set_id": "",
            "boot_diagnostics": [],
            "computer_name": "vm-1",
            "custom_data": null,
            "dedicated_host_id": "",
            "disable_password_authentication": false,
            "encryption_at_host_enabled": false,
            "eviction_policy": "",
            "extensions_time_budget": "PT1H30M",
            "id": "/subscriptions/939bb7d7-6909-4049-929c-1df590b9f273/resourceGroups/Udacity-resources/providers/Microsoft.Compute/virtualMachines/vm-1",
            "identity": [],
            "location": "westeurope",
            "max_bid_price": -1,
            "name": "vm-1",
            "network_interface_ids": [
              "/subscriptions/939bb7d7-6909-4049-929c-1df590b9f273/resourceGroups/Udacity-resources/providers/Microsoft.Network/networkInterfaces/NIC-1"
            ],
            "os_disk": [
              {
                "caching": "ReadWrite",
                "diff_disk_settings": [],
                "disk_encryption_set_id": "",
                "disk_size_gb": 30,
                "name": "Disk-1",
                "storage_account_type": "Standard_LRS",
                "write_accelerator_enabled": false
              }
            ],
            "plan": [],
            "priority": "Regular",
            "private_ip_address": "10.0.2.5",
            "private_ip_addresses": [
              "10.0.2.5"
            ],
            "provision_vm_agent": true,
            "proximity_placement_group_id": "",
            "public_ip_address": "",
            "public_ip_addresses": [],
            "resource_group_name": "Udacity-resources",
            "secret": [],
            "size": "Standard_D2_v3",
            "source_image_id": "/subscriptions/939bb7d7-6909-4049-929c-1df590b9f273/resourceGroups/packer-rg/providers/Microsoft.Compute/images/myPackerImage",
            "source_image_reference": [],
            "tags": {
              "tagname": "Udacity-VM"
            },
            "timeouts": null,
            "virtual_machine_id": "e7ca2a6c-05f6-4f05-acaf-dd68f806f5e3",
            "virtual_machine_scale_set_id": "",
            "zone": ""
          },
          "private": "eyJlMmJmYjczMC1lY2FhLTExZTYtOGY4OC0zNDM2M2JjN2M0YzAiOnsiY3JlYXRlIjoyNzAwMDAwMDAwMDAwLCJkZWxldGUiOjI3MDAwMDAwMDAwMDAsInJlYWQiOjMwMDAwMDAwMDAwMCwidXBkYXRlIjoyNzAwMDAwMDAwMDAwfX0=",
          "dependencies": [
            "azurerm_network_interface.main",
            "azurerm_resource_group.main",
            "azurerm_subnet.internal",
            "azurerm_virtual_network.main"
          ]
        }
      ]
    },
    {
      "mode": "managed",
      "type": "azurerm_managed_disk",
      "name": "main",
      "provider": "provider[\"registry.terraform.io/hashicorp/azurerm\"]",
      "instances": [
        {
          "schema_version": 0,
          "attributes": {
            "create_option": "Empty",
            "disk_encryption_set_id": "",
            "disk_iops_read_write": 500,
            "disk_mbps_read_write": 60,
            "disk_size_gb": 1,
            "encryption_settings": [],
            "id": "/subscriptions/939bb7d7-6909-4049-929c-1df590b9f273/resourceGroups/Udacity-resources/providers/Microsoft.Compute/disks/Udacity-Disk",
            "image_reference_id": "",
            "location": "westeurope",
            "name": "Udacity-Disk",
            "os_type": "",
            "resource_group_name": "Udacity-resources",
            "source_resource_id": "",
            "source_uri": "",
            "storage_account_id": "",
            "storage_account_type": "Standard_LRS",
            "tags": {
              "tagname": "Udacity-DiskM"
            },
            "timeouts": null,
            "zones": null
          },
          "private": "eyJlMmJmYjczMC1lY2FhLTExZTYtOGY4OC0zNDM2M2JjN2M0YzAiOnsiY3JlYXRlIjoxODAwMDAwMDAwMDAwLCJkZWxldGUiOjE4MDAwMDAwMDAwMDAsInJlYWQiOjMwMDAwMDAwMDAwMCwidXBkYXRlIjoxODAwMDAwMDAwMDAwfX0=",
          "dependencies": [
            "azurerm_resource_group.main"
          ]
        }
      ]
    },
    {
      "mode": "managed",
      "type": "azurerm_network_interface",
      "name": "main",
      "provider": "provider[\"registry.terraform.io/hashicorp/azurerm\"]",
      "instances": [
        {
          "index_key": 0,
          "schema_version": 0,
          "attributes": {
            "applied_dns_servers": [],
            "dns_servers": [],
            "enable_accelerated_networking": false,
            "enable_ip_forwarding": false,
            "id": "/subscriptions/939bb7d7-6909-4049-929c-1df590b9f273/resourceGroups/Udacity-resources/providers/Microsoft.Network/networkInterfaces/NIC-0",
            "internal_dns_name_label": "",
            "internal_domain_name_suffix": "n4vc3hqck3cu3hafgugybefxqh.ax.internal.cloudapp.net",
            "ip_configuration": [
              {
                "name": "InternalConfig-0",
                "primary": true,
                "private_ip_address": "10.0.2.4",
                "private_ip_address_allocation": "Dynamic",
                "private_ip_address_version": "IPv4",
                "public_ip_address_id": "",
                "subnet_id": "/subscriptions/939bb7d7-6909-4049-929c-1df590b9f273/resourceGroups/Udacity-resources/providers/Microsoft.Network/virtualNetworks/Udacity-network/subnets/Udacity-internal"
              }
            ],
            "location": "westeurope",
            "mac_address": "",
            "name": "NIC-0",
            "private_ip_address": "10.0.2.4",
            "private_ip_addresses": [
              "10.0.2.4"
            ],
            "resource_group_name": "Udacity-resources",
            "tags": {
              "tagname": "Udacity-NIC"
            },
            "timeouts": null,
            "virtual_machine_id": ""
          },
          "private": "eyJlMmJmYjczMC1lY2FhLTExZTYtOGY4OC0zNDM2M2JjN2M0YzAiOnsiY3JlYXRlIjoxODAwMDAwMDAwMDAwLCJkZWxldGUiOjE4MDAwMDAwMDAwMDAsInJlYWQiOjMwMDAwMDAwMDAwMCwidXBkYXRlIjoxODAwMDAwMDAwMDAwfX0=",
          "dependencies": [
            "azurerm_resource_group.main",
            "azurerm_subnet.internal",
            "azurerm_virtual_network.main"
          ]
        },
        {
          "index_key": 1,
          "schema_version": 0,
          "attributes": {
            "applied_dns_servers": [],
            "dns_servers": [],
            "enable_accelerated_networking": false,
            "enable_ip_forwarding": false,
            "id": "/subscriptions/939bb7d7-6909-4049-929c-1df590b9f273/resourceGroups/Udacity-resources/providers/Microsoft.Network/networkInterfaces/NIC-1",
            "internal_dns_name_label": "",
            "internal_domain_name_suffix": "n4vc3hqck3cu3hafgugybefxqh.ax.internal.cloudapp.net",
            "ip_configuration": [
              {
                "name": "InternalConfig-1",
                "primary": true,
                "private_ip_address": "10.0.2.5",
                "private_ip_address_allocation": "Dynamic",
                "private_ip_address_version": "IPv4",
                "public_ip_address_id": "",
                "subnet_id": "/subscriptions/939bb7d7-6909-4049-929c-1df590b9f273/resourceGroups/Udacity-resources/providers/Microsoft.Network/virtualNetworks/Udacity-network/subnets/Udacity-internal"
              }
            ],
            "location": "westeurope",
            "mac_address": "",
            "name": "NIC-1",
            "private_ip_address": "10.0.2.5",
            "private_ip_addresses": [
              "10.0.2.5"
            ],
            "resource_group_name": "Udacity-resources",
            "tags": {
              "tagname": "Udacity-NIC"
            },
            "timeouts": null,
            "virtual_machine_id": ""
          },
          "private": "eyJlMmJmYjczMC1lY2FhLTExZTYtOGY4OC0zNDM2M2JjN2M0YzAiOnsiY3JlYXRlIjoxODAwMDAwMDAwMDAwLCJkZWxldGUiOjE4MDAwMDAwMDAwMDAsInJlYWQiOjMwMDAwMDAwMDAwMCwidXBkYXRlIjoxODAwMDAwMDAwMDAwfX0=",
          "dependencies": [
            "azurerm_resource_group.main",
            "azurerm_subnet.internal",
            "azurerm_virtual_network.main"
          ]
        }
      ]
    },
    {
      "mode": "managed",
      "type": "azurerm_network_security_group",
      "name": "main",
      "provider": "provider[\"registry.terraform.io/hashicorp/azurerm\"]",
      "instances": [
        {
          "schema_version": 0,
          "attributes": {
            "id": "/subscriptions/939bb7d7-6909-4049-929c-1df590b9f273/resourceGroups/Udacity-resources/providers/Microsoft.Network/networkSecurityGroups/Udacity-nsg",
            "location": "westeurope",
            "name": "Udacity-nsg",
            "resource_group_name": "Udacity-resources",
            "security_rule": [
              {
                "access": "Allow",
                "description": "",
                "destination_address_prefix": "*",
                "destination_address_prefixes": [],
                "destination_application_security_group_ids": [],
                "destination_port_range": "*",
                "destination_port_ranges": [],
                "direction": "Inbound",
                "name": "VM-Rule",
                "priority": 200,
                "protocol": "Tcp",
                "source_address_prefix": "VirtualNetwork",
                "source_address_prefixes": [],
                "source_application_security_group_ids": [],
                "source_port_range": "*",
                "source_port_ranges": []
              },
              {
                "access": "Deny",
                "description": "",
                "destination_address_prefix": "*",
                "destination_address_prefixes": [],
                "destination_application_security_group_ids": [],
                "destination_port_range": "*",
                "destination_port_ranges": [],
                "direction": "Inbound",
                "name": "DenyInternet",
                "priority": 100,
                "protocol": "*",
                "source_address_prefix": "*",
                "source_address_prefixes": [],
                "source_application_security_group_ids": [],
                "source_port_range": "*",
                "source_port_ranges": []
              }
            ],
            "tags": {
              "tagname": "Udacity-Sec"
            },
            "timeouts": null
          },
          "private": "eyJlMmJmYjczMC1lY2FhLTExZTYtOGY4OC0zNDM2M2JjN2M0YzAiOnsiY3JlYXRlIjoxODAwMDAwMDAwMDAwLCJkZWxldGUiOjE4MDAwMDAwMDAwMDAsInJlYWQiOjMwMDAwMDAwMDAwMCwidXBkYXRlIjoxODAwMDAwMDAwMDAwfX0=",
          "dependencies": [
            "azurerm_resource_group.main"
          ]
        }
      ]
    },
    {
      "mode": "managed",
      "type": "azurerm_public_ip",
      "name": "main",
      "provider": "provider[\"registry.terraform.io/hashicorp/azurerm\"]",
      "instances": [
        {
          "schema_version": 0,
          "attributes": {
            "allocation_method": "Static",
            "domain_name_label": null,
            "fqdn": null,
            "id": "/subscriptions/939bb7d7-6909-4049-929c-1df590b9f273/resourceGroups/Udacity-resources/providers/Microsoft.Network/publicIPAddresses/Udacity-publicip",
            "idle_timeout_in_minutes": 4,
            "ip_address": "20.73.175.82",
            "ip_version": "IPv4",
            "location": "westeurope",
            "name": "Udacity-publicip",
            "public_ip_prefix_id": null,
            "resource_group_name": "Udacity-resources",
            "reverse_fqdn": null,
            "sku": "Basic",
            "tags": {
              "tagname": "Udacity-PubIP"
            },
            "timeouts": null,
            "zones": null
          },
          "private": "eyJlMmJmYjczMC1lY2FhLTExZTYtOGY4OC0zNDM2M2JjN2M0YzAiOnsiY3JlYXRlIjoxODAwMDAwMDAwMDAwLCJkZWxldGUiOjE4MDAwMDAwMDAwMDAsInJlYWQiOjMwMDAwMDAwMDAwMCwidXBkYXRlIjoxODAwMDAwMDAwMDAwfX0=",
          "dependencies": [
            "azurerm_resource_group.main"
          ]
        }
      ]
    },
    {
      "mode": "managed",
      "type": "azurerm_resource_group",
      "name": "main",
      "provider": "provider[\"registry.terraform.io/hashicorp/azurerm\"]",
      "instances": [
        {
          "schema_version": 0,
          "attributes": {
            "id": "/subscriptions/939bb7d7-6909-4049-929c-1df590b9f273/resourceGroups/Udacity-resources",
            "location": "westeurope",
            "name": "Udacity-resources",
            "tags": {
              "tagname": "Udacity-RG"
            },
            "timeouts": null
          },
          "private": "eyJlMmJmYjczMC1lY2FhLTExZTYtOGY4OC0zNDM2M2JjN2M0YzAiOnsiY3JlYXRlIjo1NDAwMDAwMDAwMDAwLCJkZWxldGUiOjU0MDAwMDAwMDAwMDAsInJlYWQiOjMwMDAwMDAwMDAwMCwidXBkYXRlIjo1NDAwMDAwMDAwMDAwfX0="
        }
      ]
    },
    {
      "mode": "managed",
      "type": "azurerm_subnet",
      "name": "internal",
      "provider": "provider[\"registry.terraform.io/hashicorp/azurerm\"]",
      "instances": [
        {
          "schema_version": 0,
          "attributes": {
            "address_prefix": "10.0.2.0/24",
            "address_prefixes": [
              "10.0.2.0/24"
            ],
            "delegation": [],
            "enforce_private_link_endpoint_network_policies": false,
            "enforce_private_link_service_network_policies": false,
            "id": "/subscriptions/939bb7d7-6909-4049-929c-1df590b9f273/resourceGroups/Udacity-resources/providers/Microsoft.Network/virtualNetworks/Udacity-network/subnets/Udacity-internal",
            "name": "Udacity-internal",
            "resource_group_name": "Udacity-resources",
            "service_endpoints": null,
            "timeouts": null,
            "virtual_network_name": "Udacity-network"
          },
          "private": "eyJlMmJmYjczMC1lY2FhLTExZTYtOGY4OC0zNDM2M2JjN2M0YzAiOnsiY3JlYXRlIjoxODAwMDAwMDAwMDAwLCJkZWxldGUiOjE4MDAwMDAwMDAwMDAsInJlYWQiOjMwMDAwMDAwMDAwMCwidXBkYXRlIjoxODAwMDAwMDAwMDAwfX0=",
          "dependencies": [
            "azurerm_resource_group.main",
            "azurerm_virtual_network.main"
          ]
        }
      ]
    },
    {
      "mode": "managed",
      "type": "azurerm_virtual_network",
      "name": "main",
      "provider": "provider[\"registry.terraform.io/hashicorp/azurerm\"]",
      "instances": [
        {
          "schema_version": 0,
          "attributes": {
            "address_space": [
              "10.0.0.0/16"
            ],
            "bgp_community": "",
            "ddos_protection_plan": [],
            "dns_servers": null,
            "guid": "9e2eaa6f-5702-4e45-9c05-350d8090b787",
            "id": "/subscriptions/939bb7d7-6909-4049-929c-1df590b9f273/resourceGroups/Udacity-resources/providers/Microsoft.Network/virtualNetworks/Udacity-network",
            "location": "westeurope",
            "name": "Udacity-network",
            "resource_group_name": "Udacity-resources",
            "subnet": [],
            "tags": {
              "tagname": "Udacity-VirtualN"
            },
            "timeouts": null,
            "vm_protection_enabled": false
          },
          "private": "eyJlMmJmYjczMC1lY2FhLTExZTYtOGY4OC0zNDM2M2JjN2M0YzAiOnsiY3JlYXRlIjoxODAwMDAwMDAwMDAwLCJkZWxldGUiOjE4MDAwMDAwMDAwMDAsInJlYWQiOjMwMDAwMDAwMDAwMCwidXBkYXRlIjoxODAwMDAwMDAwMDAwfX0=",
          "dependencies": [
            "azurerm_resource_group.main"
          ]
        }
      ]
    }
  ]
}
